// !$*UTF8*$!
{
	archiveVersion = 1;
	classes = {
	};
	objectVersion = 50;
	objects = {

/* Begin PBXBuildFile section */
		C24BF31521209140000404F0 /* ProductCell.swift in Sources */ = {isa = PBXBuildFile; fileRef = C24BF31421209140000404F0 /* ProductCell.swift */; };
		C2879BD6211F091E0082B1A8 /* AppDelegate.swift in Sources */ = {isa = PBXBuildFile; fileRef = C2879BD5211F091E0082B1A8 /* AppDelegate.swift */; };
		C2879BD8211F091E0082B1A8 /* CategoriesVC.swift in Sources */ = {isa = PBXBuildFile; fileRef = C2879BD7211F091E0082B1A8 /* CategoriesVC.swift */; };
		C2879BDB211F091E0082B1A8 /* Main.storyboard in Resources */ = {isa = PBXBuildFile; fileRef = C2879BD9211F091E0082B1A8 /* Main.storyboard */; };
		C2879BDD211F091F0082B1A8 /* Assets.xcassets in Resources */ = {isa = PBXBuildFile; fileRef = C2879BDC211F091F0082B1A8 /* Assets.xcassets */; };
		C2879BE0211F091F0082B1A8 /* LaunchScreen.storyboard in Resources */ = {isa = PBXBuildFile; fileRef = C2879BDE211F091F0082B1A8 /* LaunchScreen.storyboard */; };
		C2C4F27E212166CA005CE060 /* Product.swift in Sources */ = {isa = PBXBuildFile; fileRef = C2C4F27D212166CA005CE060 /* Product.swift */; };
		C2C4F28021216BFB005CE060 /* ProductsVC.swift in Sources */ = {isa = PBXBuildFile; fileRef = C2C4F27F21216BFB005CE060 /* ProductsVC.swift */; };
		C2DE97BB21205FD800B2A37B /* Category.swift in Sources */ = {isa = PBXBuildFile; fileRef = C2DE97BA21205FD800B2A37B /* Category.swift */; };
		C2DE97BE212062B300B2A37B /* DataService.swift in Sources */ = {isa = PBXBuildFile; fileRef = C2DE97BD212062B300B2A37B /* DataService.swift */; };
		C2E0C3B2211F0EF800B12395 /* CategoryCell.swift in Sources */ = {isa = PBXBuildFile; fileRef = C2E0C3B1211F0EF800B12395 /* CategoryCell.swift */; };
/* End PBXBuildFile section */

/* Begin PBXFileReference section */
		C24BF31421209140000404F0 /* ProductCell.swift */ = {isa = PBXFileReference; lastKnownFileType = sourcecode.swift; path = ProductCell.swift; sourceTree = "<group>"; };
		C2879BD2211F091D0082B1A8 /* coderSwag-app.app */ = {isa = PBXFileReference; explicitFileType = wrapper.application; includeInIndex = 0; path = "coderSwag-app.app"; sourceTree = BUILT_PRODUCTS_DIR; };
		C2879BD5211F091E0082B1A8 /* AppDelegate.swift */ = {isa = PBXFileReference; lastKnownFileType = sourcecode.swift; path = AppDelegate.swift; sourceTree = "<group>"; };
		C2879BD7211F091E0082B1A8 /* CategoriesVC.swift */ = {isa = PBXFileReference; lastKnownFileType = sourcecode.swift; path = CategoriesVC.swift; sourceTree = "<group>"; };
		C2879BDA211F091E0082B1A8 /* Base */ = {isa = PBXFileReference; lastKnownFileType = file.storyboard; name = Base; path = Base.lproj/Main.storyboard; sourceTree = "<group>"; };
		C2879BDC211F091F0082B1A8 /* Assets.xcassets */ = {isa = PBXFileReference; lastKnownFileType = folder.assetcatalog; path = Assets.xcassets; sourceTree = "<group>"; };
		C2879BDF211F091F0082B1A8 /* Base */ = {isa = PBXFileReference; lastKnownFileType = file.storyboard; name = Base; path = Base.lproj/LaunchScreen.storyboard; sourceTree = "<group>"; };
		C2879BE1211F091F0082B1A8 /* Info.plist */ = {isa = PBXFileReference; lastKnownFileType = text.plist.xml; path = Info.plist; sourceTree = "<group>"; };
		C2C4F27D212166CA005CE060 /* Product.swift */ = {isa = PBXFileReference; lastKnownFileType = sourcecode.swift; path = Product.swift; sourceTree = "<group>"; };
		C2C4F27F21216BFB005CE060 /* ProductsVC.swift */ = {isa = PBXFileReference; lastKnownFileType = sourcecode.swift; path = ProductsVC.swift; sourceTree = "<group>"; };
		C2DE97BA21205FD800B2A37B /* Category.swift */ = {isa = PBXFileReference; lastKnownFileType = sourcecode.swift; path = Category.swift; sourceTree = "<group>"; };
		C2DE97BD212062B300B2A37B /* DataService.swift */ = {isa = PBXFileReference; lastKnownFileType = sourcecode.swift; path = DataService.swift; sourceTree = "<group>"; };
		C2E0C3B1211F0EF800B12395 /* CategoryCell.swift */ = {isa = PBXFileReference; lastKnownFileType = sourcecode.swift; path = CategoryCell.swift; sourceTree = "<group>"; };
/* End PBXFileReference section */

/* Begin PBXFrameworksBuildPhase section */
		C2879BCF211F091D0082B1A8 /* Frameworks */ = {
			isa = PBXFrameworksBuildPhase;
			buildActionMask = 2147483647;
			files = (
			);
			runOnlyForDeploymentPostprocessing = 0;
		};
/* End PBXFrameworksBuildPhase section */

/* Begin PBXGroup section */
		C2879BC9211F091D0082B1A8 = {
			isa = PBXGroup;
			children = (
				C2879BD4211F091D0082B1A8 /* coderSwag-app */,
				C2879BD3211F091D0082B1A8 /* Products */,
			);
			sourceTree = "<group>";
		};
		C2879BD3211F091D0082B1A8 /* Products */ = {
			isa = PBXGroup;
			children = (
				C2879BD2211F091D0082B1A8 /* coderSwag-app.app */,
			);
			name = Products;
			sourceTree = "<group>";
		};
		C2879BD4211F091D0082B1A8 /* coderSwag-app */ = {
			isa = PBXGroup;
			children = (
				C2DE97BC212062A400B2A37B /* Services */,
				C2E0C3B0211F0E6700B12395 /* View */,
				C2E0C3AF211F0E5E00B12395 /* Model */,
				C2E0C3AE211F0E5500B12395 /* Controller */,
				C2879BD5211F091E0082B1A8 /* AppDelegate.swift */,
				C2879BD9211F091E0082B1A8 /* Main.storyboard */,
				C2879BDC211F091F0082B1A8 /* Assets.xcassets */,
				C2879BDE211F091F0082B1A8 /* LaunchScreen.storyboard */,
				C2879BE1211F091F0082B1A8 /* Info.plist */,
			);
			path = "coderSwag-app";
			sourceTree = "<group>";
		};
		C2DE97BC212062A400B2A37B /* Services */ = {
			isa = PBXGroup;
			children = (
				C2DE97BD212062B300B2A37B /* DataService.swift */,
			);
			path = Services;
			sourceTree = "<group>";
		};
		C2E0C3AE211F0E5500B12395 /* Controller */ = {
			isa = PBXGroup;
			children = (
				C2879BD7211F091E0082B1A8 /* CategoriesVC.swift */,
				C2C4F27F21216BFB005CE060 /* ProductsVC.swift */,
			);
			path = Controller;
			sourceTree = "<group>";
		};
		C2E0C3AF211F0E5E00B12395 /* Model */ = {
			isa = PBXGroup;
			children = (
				C2DE97BA21205FD800B2A37B /* Category.swift */,
				C2C4F27D212166CA005CE060 /* Product.swift */,
			);
			path = Model;
			sourceTree = "<group>";
		};
		C2E0C3B0211F0E6700B12395 /* View */ = {
			isa = PBXGroup;
			children = (
				C2E0C3B1211F0EF800B12395 /* CategoryCell.swift */,
				C24BF31421209140000404F0 /* ProductCell.swift */,
			);
			path = View;
			sourceTree = "<group>";
		};
/* End PBXGroup section */

/* Begin PBXNativeTarget section */
		C2879BD1211F091D0082B1A8 /* coderSwag-app */ = {
			isa = PBXNativeTarget;
			buildConfigurationList = C2879BE4211F091F0082B1A8 /* Build configuration list for PBXNativeTarget "coderSwag-app" */;
			buildPhases = (
				C2879BCE211F091D0082B1A8 /* Sources */,
				C2879BCF211F091D0082B1A8 /* Frameworks */,
				C2879BD0211F091D0082B1A8 /* Resources */,
			);
			buildRules = (
			);
			dependencies = (
			);
			name = "coderSwag-app";
			productName = "coderSwag-app";
			productReference = C2879BD2211F091D0082B1A8 /* coderSwag-app.app */;
			productType = "com.apple.product-type.application";
		};
/* End PBXNativeTarget section */

/* Begin PBXProject section */
		C2879BCA211F091D0082B1A8 /* Project object */ = {
			isa = PBXProject;
			attributes = {
				LastSwiftUpdateCheck = 0940;
				LastUpgradeCheck = 0940;
				ORGANIZATIONNAME = SophieMBerger;
				TargetAttributes = {
					C2879BD1211F091D0082B1A8 = {
						CreatedOnToolsVersion = 9.4.1;
					};
				};
			};
			buildConfigurationList = C2879BCD211F091D0082B1A8 /* Build configuration list for PBXProject "coderSwag-app" */;
			compatibilityVersion = "Xcode 9.3";
			developmentRegion = en;
			hasScannedForEncodings = 0;
			knownRegions = (
				en,
				Base,
			);
			mainGroup = C2879BC9211F091D0082B1A8;
			productRefGroup = C2879BD3211F091D0082B1A8 /* Products */;
			projectDirPath = "";
			projectRoot = "";
			targets = (
				C2879BD1211F091D0082B1A8 /* coderSwag-app */,
			);
		};
/* End PBXProject section */

/* Begin PBXResourcesBuildPhase section */
		C2879BD0211F091D0082B1A8 /* Resources */ = {
			isa = PBXResourcesBuildPhase;
			buildActionMask = 2147483647;
			files = (
				C2879BE0211F091F0082B1A8 /* LaunchScreen.storyboard in Resources */,
				C2879BDD211F091F0082B1A8 /* Assets.xcassets in Resources */,
				C2879BDB211F091E0082B1A8 /* Main.storyboard in Resources */,
			);
			runOnlyForDeploymentPostprocessing = 0;
		};
/* End PBXResourcesBuildPhase section */

/* Begin PBXSourcesBuildPhase section */
		C2879BCE211F091D0082B1A8 /* Sources */ = {
			isa = PBXSourcesBuildPhase;
			buildActionMask = 2147483647;
			files = (
				C2C4F28021216BFB005CE060 /* ProductsVC.swift in Sources */,
				C2879BD8211F091E0082B1A8 /* CategoriesVC.swift in Sources */,
				C2879BD6211F091E0082B1A8 /* AppDelegate.swift in Sources */,
				C2E0C3B2211F0EF800B12395 /* CategoryCell.swift in Sources */,
				C24BF31521209140000404F0 /* ProductCell.swift in Sources */,
				C2DE97BB21205FD800B2A37B /* Category.swift in Sources */,
				C2DE97BE212062B300B2A37B /* DataService.swift in Sources */,
				C2C4F27E212166CA005CE060 /* Product.swift in Sources */,
			);
			runOnlyForDeploymentPostprocessing = 0;
		};
/* End PBXSourcesBuildPhase section */

/* Begin PBXVariantGroup section */
		C2879BD9211F091E0082B1A8 /* Main.storyboard */ = {
			isa = PBXVariantGroup;
			children = (
				C2879BDA211F091E0082B1A8 /* Base */,
			);
			name = Main.storyboard;
			sourceTree = "<group>";
		};
		C2879BDE211F091F0082B1A8 /* LaunchScreen.storyboard */ = {
			isa = PBXVariantGroup;
			children = (
				C2879BDF211F091F0082B1A8 /* Base */,
			);
			name = LaunchScreen.storyboard;
			sourceTree = "<group>";
		};
/* End PBXVariantGroup section */

/* Begin XCBuildConfiguration section */
		C2879BE2211F091F0082B1A8 /* Debug */ = {
			isa = XCBuildConfiguration;
			buildSettings = {
				ALWAYS_SEARCH_USER_PATHS = NO;
				CLANG_ANALYZER_NONNULL = YES;
				CLANG_ANALYZER_NUMBER_OBJECT_CONVERSION = YES_AGGRESSIVE;
				CLANG_CXX_LANGUAGE_STANDARD = "gnu++14";
				CLANG_CXX_LIBRARY = "libc++";
				CLANG_ENABLE_MODULES = YES;
				CLANG_ENABLE_OBJC_ARC = YES;
				CLANG_ENABLE_OBJC_WEAK = YES;
				CLANG_WARN_BLOCK_CAPTURE_AUTORELEASING = YES;
				CLANG_WARN_BOOL_CONVERSION = YES;
				CLANG_WARN_COMMA = YES;
				CLANG_WARN_CONSTANT_CONVERSION = YES;
				CLANG_WARN_DEPRECATED_OBJC_IMPLEMENTATIONS = YES;
				CLANG_WARN_DIRECT_OBJC_ISA_USAGE = YES_ERROR;
				CLANG_WARN_DOCUMENTATION_COMMENTS = YES;
				CLANG_WARN_EMPTY_BODY = YES;
				CLANG_WARN_ENUM_CONVERSION = YES;
				CLANG_WARN_INFINITE_RECURSION = YES;
				CLANG_WARN_INT_CONVERSION = YES;
				CLANG_WARN_NON_LITERAL_NULL_CONVERSION = YES;
				CLANG_WARN_OBJC_IMPLICIT_RETAIN_SELF = YES;
				CLANG_WARN_OBJC_LITERAL_CONVERSION = YES;
				CLANG_WARN_OBJC_ROOT_CLASS = YES_ERROR;
				CLANG_WARN_RANGE_LOOP_ANALYSIS = YES;
				CLANG_WARN_STRICT_PROTOTYPES = YES;
				CLANG_WARN_SUSPICIOUS_MOVE = YES;
				CLANG_WARN_UNGUARDED_AVAILABILITY = YES_AGGRESSIVE;
				CLANG_WARN_UNREACHABLE_CODE = YES;
				CLANG_WARN__DUPLICATE_METHOD_MATCH = YES;
				CODE_SIGN_IDENTITY = "iPhone Developer";
				COPY_PHASE_STRIP = NO;
				DEBUG_INFORMATION_FORMAT = dwarf;
				ENABLE_STRICT_OBJC_MSGSEND = YES;
				ENABLE_TESTABILITY = YES;
				GCC_C_LANGUAGE_STANDARD = gnu11;
				GCC_DYNAMIC_NO_PIC = NO;
				GCC_NO_COMMON_BLOCKS = YES;
				GCC_OPTIMIZATION_LEVEL = 0;
				GCC_PREPROCESSOR_DEFINITIONS = (
					"DEBUG=1",
					"$(inherited)",
				);
				GCC_WARN_64_TO_32_BIT_CONVERSION = YES;
				GCC_WARN_ABOUT_RETURN_TYPE = YES_ERROR;
				GCC_WARN_UNDECLARED_SELECTOR = YES;
				GCC_WARN_UNINITIALIZED_AUTOS = YES_AGGRESSIVE;
				GCC_WARN_UNUSED_FUNCTION = YES;
				GCC_WARN_UNUSED_VARIABLE = YES;
				IPHONEOS_DEPLOYMENT_TARGET = 11.4;
				MTL_ENABLE_DEBUG_INFO = YES;
				ONLY_ACTIVE_ARCH = YES;
				SDKROOT = iphoneos;
				SWIFT_ACTIVE_COMPILATION_CONDITIONS = DEBUG;
				SWIFT_OPTIMIZATION_LEVEL = "-Onone";
			};
			name = Debug;
		};
		C2879BE3211F091F0082B1A8 /* Release */ = {
			isa = XCBuildConfiguration;
			buildSettings = {
				ALWAYS_SEARCH_USER_PATHS = NO;
				CLANG_ANALYZER_NONNULL = YES;
				CLANG_ANALYZER_NUMBER_OBJECT_CONVERSION = YES_AGGRESSIVE;
				CLANG_CXX_LANGUAGE_STANDARD = "gnu++14";
				CLANG_CXX_LIBRARY = "libc++";
				CLANG_ENABLE_MODULES = YES;
				CLANG_ENABLE_OBJC_ARC = YES;
				CLANG_ENABLE_OBJC_WEAK = YES;
				CLANG_WARN_BLOCK_CAPTURE_AUTORELEASING = YES;
				CLANG_WARN_BOOL_CONVERSION = YES;
				CLANG_WARN_COMMA = YES;
				CLANG_WARN_CONSTANT_CONVERSION = YES;
				CLANG_WARN_DEPRECATED_OBJC_IMPLEMENTATIONS = YES;
				CLANG_WARN_DIRECT_OBJC_ISA_USAGE = YES_ERROR;
				CLANG_WARN_DOCUMENTATION_COMMENTS = YES;
				CLANG_WARN_EMPTY_BODY = YES;
				CLANG_WARN_ENUM_CONVERSION = YES;
				CLANG_WARN_INFINITE_RECURSION = YES;
				CLANG_WARN_INT_CONVERSION = YES;
				CLANG_WARN_NON_LITERAL_NULL_CONVERSION = YES;
				CLANG_WARN_OBJC_IMPLICIT_RETAIN_SELF = YES;
				CLANG_WARN_OBJC_LITERAL_CONVERSION = YES;
				CLANG_WARN_OBJC_ROOT_CLASS = YES_ERROR;
				CLANG_WARN_RANGE_LOOP_ANALYSIS = YES;
				CLANG_WARN_STRICT_PROTOTYPES = YES;
				CLANG_WARN_SUSPICIOUS_MOVE = YES;
				CLANG_WARN_UNGUARDED_AVAILABILITY = YES_AGGRESSIVE;
				CLANG_WARN_UNREACHABLE_CODE = YES;
				CLANG_WARN__DUPLICATE_METHOD_MATCH = YES;
				CODE_SIGN_IDENTITY = "iPhone Developer";
				COPY_PHASE_STRIP = NO;
				DEBUG_INFORMATION_FORMAT = "dwarf-with-dsym";
				ENABLE_NS_ASSERTIONS = NO;
				ENABLE_STRICT_OBJC_MSGSEND = YES;
				GCC_C_LANGUAGE_STANDARD = gnu11;
				GCC_NO_COMMON_BLOCKS = YES;
				GCC_WARN_64_TO_32_BIT_CONVERSION = YES;
				GCC_WARN_ABOUT_RETURN_TYPE = YES_ERROR;
				GCC_WARN_UNDECLARED_SELECTOR = YES;
				GCC_WARN_UNINITIALIZED_AUTOS = YES_AGGRESSIVE;
				GCC_WARN_UNUSED_FUNCTION = YES;
				GCC_WARN_UNUSED_VARIABLE = YES;
				IPHONEOS_DEPLOYMENT_TARGET = 11.4;
				MTL_ENABLE_DEBUG_INFO = NO;
				SDKROOT = iphoneos;
				SWIFT_COMPILATION_MODE = wholemodule;
				SWIFT_OPTIMIZATION_LEVEL = "-O";
				VALIDATE_PRODUCT = YES;
			};
			name = Release;
		};
		C2879BE5211F091F0082B1A8 /* Debug */ = {
			isa = XCBuildConfiguration;
			buildSettings = {
				ASSETCATALOG_COMPILER_APPICON_NAME = AppIcon;
				CODE_SIGN_STYLE = Automatic;
				INFOPLIST_FILE = "coderSwag-app/Info.plist";
				LD_RUNPATH_SEARCH_PATHS = (
					"$(inherited)",
					"@executable_path/Frameworks",
				);
				PRODUCT_BUNDLE_IDENTIFIER = "SophieMBerger.coderSwag-app";
				PRODUCT_NAME = "$(TARGET_NAME)";
				SWIFT_VERSION = 4.0;
				TARGETED_DEVICE_FAMILY = "1,2";
			};
			name = Debug;
		};
		C2879BE6211F091F0082B1A8 /* Release */ = {
			isa = XCBuildConfiguration;
			buildSettings = {
				ASSETCATALOG_COMPILER_APPICON_NAME = AppIcon;
				CODE_SIGN_STYLE = Automatic;
				INFOPLIST_FILE = "coderSwag-app/Info.plist";
				LD_RUNPATH_SEARCH_PATHS = (
					"$(inherited)",
					"@executable_path/Frameworks",
				);
				PRODUCT_BUNDLE_IDENTIFIER = "SophieMBerger.coderSwag-app";
				PRODUCT_NAME = "$(TARGET_NAME)";
				SWIFT_VERSION = 4.0;
				TARGETED_DEVICE_FAMILY = "1,2";
			};
			name = Release;
		};
/* End XCBuildConfiguration section */

/* Begin XCConfigurationList section */
		C2879BCD211F091D0082B1A8 /* Build configuration list for PBXProject "coderSwag-app" */ = {
			isa = XCConfigurationList;
			buildConfigurations = (
				C2879BE2211F091F0082B1A8 /* Debug */,
				C2879BE3211F091F0082B1A8 /* Release */,
			);
			defaultConfigurationIsVisible = 0;
			defaultConfigurationName = Release;
		};
		C2879BE4211F091F0082B1A8 /* Build configuration list for PBXNativeTarget "coderSwag-app" */ = {
			isa = XCConfigurationList;
			buildConfigurations = (
				C2879BE5211F091F0082B1A8 /* Debug */,
				C2879BE6211F091F0082B1A8 /* Release */,
			);
			defaultConfigurationIsVisible = 0;
			defaultConfigurationName = Release;
		};
/* End XCConfigurationList section */
	};
	rootObject = C2879BCA211F091D0082B1A8 /* Project object */;
}
